
Microsoft Visual Studio Solution File, Format Version 12.00
# Visual Studio Version 16
VisualStudioVersion = 16.0.31515.178
MinimumVisualStudioVersion = 10.0.40219.1
Project("{FAE04EC0-301F-11D3-BF4B-00C04F79EFBC}") = "WelcomeSummerSchool2021", "WelcomeSummerSchool2021.csproj", "{3D143661-58C4-4FC9-9208-DC734A215C62}"
EndProject
Global
	GlobalSection(SolutionConfigurationPlatforms) = preSolution
		Debug|Any CPU = Debug|Any CPU
		Release|Any CPU = Release|Any CPU
	EndGlobalSection
	GlobalSection(ProjectConfigurationPlatforms) = postSolution
		{3D143661-58C4-4FC9-9208-DC734A215C62}.Debug|Any CPU.ActiveCfg = Debug|Any CPU
		{3D143661-58C4-4FC9-9208-DC734A215C62}.Debug|Any CPU.Build.0 = Debug|Any CPU
		{3D143661-58C4-4FC9-9208-DC734A215C62}.Release|Any CPU.ActiveCfg = Release|Any CPU
		{3D143661-58C4-4FC9-9208-DC734A215C62}.Release|Any CPU.Build.0 = Release|Any CPU
	EndGlobalSection
	GlobalSection(SolutionProperties) = preSolution
		HideSolutionNode = FALSE
	EndGlobalSection
	GlobalSection(ExtensibilityGlobals) = postSolution
		SolutionGuid = {860BC7ED-039A-480E-B777-E9E11D0B299A}
	EndGlobalSection
EndGlobal
